
Microsoft Visual Studio Solution File, Format Version 12.00
# Visual Studio Express 2012 for Windows Desktop
Project("{8BC9CEB8-8B4A-11D0-8D11-00A0C91BC942}") = "drgat", "drgat\drgat.vcxproj", "{CEFBB30A-872B-45EA-A75F-745B5AA51B4D}"
EndProject
Global
	GlobalSection(SolutionConfigurationPlatforms) = preSolution
		Debug|Win32 = Debug|Win32
		Debug|Win32DBG = Debug|Win32DBG
		Debug|x64 = Debug|x64
		Debug|x64DBG = Debug|x64DBG
		debugDBGLOG|Win32 = debugDBGLOG|Win32
		debugDBGLOG|Win32DBG = debugDBGLOG|Win32DBG
		debugDBGLOG|x64 = debugDBGLOG|x64
		debugDBGLOG|x64DBG = debugDBGLOG|x64DBG
		Release|Win32 = Release|Win32
		Release|Win32DBG = Release|Win32DBG
		Release|x64 = Release|x64
		Release|x64DBG = Release|x64DBG
		ReleaseDBGLOG|Win32 = ReleaseDBGLOG|Win32
		ReleaseDBGLOG|Win32DBG = ReleaseDBGLOG|Win32DBG
		ReleaseDBGLOG|x64 = ReleaseDBGLOG|x64
		ReleaseDBGLOG|x64DBG = ReleaseDBGLOG|x64DBG
	EndGlobalSection
	GlobalSection(ProjectConfigurationPlatforms) = postSolution
		{CEFBB30A-872B-45EA-A75F-745B5AA51B4D}.Debug|Win32.ActiveCfg = Debug|Win32
		{CEFBB30A-872B-45EA-A75F-745B5AA51B4D}.Debug|Win32.Build.0 = Debug|Win32
		{CEFBB30A-872B-45EA-A75F-745B5AA51B4D}.Debug|Win32DBG.ActiveCfg = Debug|Win32
		{CEFBB30A-872B-45EA-A75F-745B5AA51B4D}.Debug|Win32DBG.Build.0 = Debug|Win32
		{CEFBB30A-872B-45EA-A75F-745B5AA51B4D}.Debug|x64.ActiveCfg = Debug|x64
		{CEFBB30A-872B-45EA-A75F-745B5AA51B4D}.Debug|x64.Build.0 = Debug|x64
		{CEFBB30A-872B-45EA-A75F-745B5AA51B4D}.Debug|x64DBG.ActiveCfg = Debug|x64
		{CEFBB30A-872B-45EA-A75F-745B5AA51B4D}.Debug|x64DBG.Build.0 = Debug|x64
		{CEFBB30A-872B-45EA-A75F-745B5AA51B4D}.debugDBGLOG|Win32.ActiveCfg = debugDBGLOG|Win32
		{CEFBB30A-872B-45EA-A75F-745B5AA51B4D}.debugDBGLOG|Win32.Build.0 = debugDBGLOG|Win32
		{CEFBB30A-872B-45EA-A75F-745B5AA51B4D}.debugDBGLOG|Win32DBG.ActiveCfg = debugDBGLOG|Win32
		{CEFBB30A-872B-45EA-A75F-745B5AA51B4D}.debugDBGLOG|x64.ActiveCfg = debugDBGLOG|x64
		{CEFBB30A-872B-45EA-A75F-745B5AA51B4D}.debugDBGLOG|x64.Build.0 = debugDBGLOG|x64
		{CEFBB30A-872B-45EA-A75F-745B5AA51B4D}.debugDBGLOG|x64DBG.ActiveCfg = debugDBGLOG|Win32
		{CEFBB30A-872B-45EA-A75F-745B5AA51B4D}.Release|Win32.ActiveCfg = Release|Win32
		{CEFBB30A-872B-45EA-A75F-745B5AA51B4D}.Release|Win32.Build.0 = Release|Win32
		{CEFBB30A-872B-45EA-A75F-745B5AA51B4D}.Release|Win32DBG.ActiveCfg = Release|Win32
		{CEFBB30A-872B-45EA-A75F-745B5AA51B4D}.Release|Win32DBG.Build.0 = Release|Win32
		{CEFBB30A-872B-45EA-A75F-745B5AA51B4D}.Release|x64.ActiveCfg = Release|x64
		{CEFBB30A-872B-45EA-A75F-745B5AA51B4D}.Release|x64.Build.0 = Release|x64
		{CEFBB30A-872B-45EA-A75F-745B5AA51B4D}.Release|x64DBG.ActiveCfg = Release|x64
		{CEFBB30A-872B-45EA-A75F-745B5AA51B4D}.Release|x64DBG.Build.0 = Release|x64
		{CEFBB30A-872B-45EA-A75F-745B5AA51B4D}.ReleaseDBGLOG|Win32.ActiveCfg = ReleaseDBGLOG|Win32
		{CEFBB30A-872B-45EA-A75F-745B5AA51B4D}.ReleaseDBGLOG|Win32.Build.0 = ReleaseDBGLOG|Win32
		{CEFBB30A-872B-45EA-A75F-745B5AA51B4D}.ReleaseDBGLOG|Win32DBG.ActiveCfg = ReleaseDBGLOG|Win32
		{CEFBB30A-872B-45EA-A75F-745B5AA51B4D}.ReleaseDBGLOG|x64.ActiveCfg = ReleaseDBGLOG|x64
		{CEFBB30A-872B-45EA-A75F-745B5AA51B4D}.ReleaseDBGLOG|x64.Build.0 = ReleaseDBGLOG|x64
		{CEFBB30A-872B-45EA-A75F-745B5AA51B4D}.ReleaseDBGLOG|x64DBG.ActiveCfg = ReleaseDBGLOG|Win32
	EndGlobalSection
	GlobalSection(SolutionProperties) = preSolution
		HideSolutionNode = FALSE
	EndGlobalSection
EndGlobal
